# This file is autogenerated, do not edit; changes may be undone by the next 'dep ensure'.


[[projects]]
  branch = "master"
  name = "github.com/gocarina/gocsv"
  packages = ["."]
  revision = "a5c9099e2484f1551abb9433885e158610a25f4b"

[solve-meta]
  analyzer-name = "dep"
  analyzer-version = 1
  inputs-digest = "e1a63101506db41fa3a9cfb19ed9246633ffb92d041b97d913653c59353afb2b"
  solver-name = "gps-cdcl"
  solver-version = 1
